// !$*UTF8*$!
{
	archiveVersion = 1;
	classes = {
	};
	objectVersion = 77;
	objects = {

/* Begin PBXBuildFile section */
		F34C59522E2704D50030F1EF /* SnapKit in Frameworks */ = {isa = PBXBuildFile; productRef = F34C59512E2704D50030F1EF /* SnapKit */; };
		F34C59552E2704F80030F1EF /* Reusable in Frameworks */ = {isa = PBXBuildFile; productRef = F34C59542E2704F80030F1EF /* Reusable */; };
/* End PBXBuildFile section */

/* Begin PBXContainerItemProxy section */
		F333B2EC2E26B77500147787 /* PBXContainerItemProxy */ = {
			isa = PBXContainerItemProxy;
			containerPortal = F333B2CA2E26B77300147787 /* Project object */;
			proxyType = 1;
			remoteGlobalIDString = F333B2D12E26B77300147787;
			remoteInfo = "Effective List";
		};
		F333B2F62E26B77500147787 /* PBXContainerItemProxy */ = {
			isa = PBXContainerItemProxy;
			containerPortal = F333B2CA2E26B77300147787 /* Project object */;
			proxyType = 1;
			remoteGlobalIDString = F333B2D12E26B77300147787;
			remoteInfo = "Effective List";
		};
/* End PBXContainerItemProxy section */

/* Begin PBXFileReference section */
		F333B2D22E26B77300147787 /* Effective List.app */ = {isa = PBXFileReference; explicitFileType = wrapper.application; includeInIndex = 0; path = "Effective List.app"; sourceTree = BUILT_PRODUCTS_DIR; };
		F333B2EB2E26B77500147787 /* Effective ListTests.xctest */ = {isa = PBXFileReference; explicitFileType = wrapper.cfbundle; includeInIndex = 0; path = "Effective ListTests.xctest"; sourceTree = BUILT_PRODUCTS_DIR; };
		F333B2F52E26B77500147787 /* Effective ListUITests.xctest */ = {isa = PBXFileReference; explicitFileType = wrapper.cfbundle; includeInIndex = 0; path = "Effective ListUITests.xctest"; sourceTree = BUILT_PRODUCTS_DIR; };
/* End PBXFileReference section */

/* Begin PBXFileSystemSynchronizedBuildFileExceptionSet section */
		F333B2FD2E26B77500147787 /* Exceptions for "Effective List" folder in "Effective List" target */ = {
			isa = PBXFileSystemSynchronizedBuildFileExceptionSet;
			membershipExceptions = (
				Info.plist,
			);
			target = F333B2D12E26B77300147787 /* Effective List */;
		};
/* End PBXFileSystemSynchronizedBuildFileExceptionSet section */

/* Begin PBXFileSystemSynchronizedRootGroup section */
		F333B2D42E26B77300147787 /* Effective List */ = {
			isa = PBXFileSystemSynchronizedRootGroup;
			exceptions = (
				F333B2FD2E26B77500147787 /* Exceptions for "Effective List" folder in "Effective List" target */,
			);
			path = "Effective List";
			sourceTree = "<group>";
		};
		F333B2EE2E26B77500147787 /* Effective ListTests */ = {
			isa = PBXFileSystemSynchronizedRootGroup;
			path = "Effective ListTests";
			sourceTree = "<group>";
		};
		F333B2F82E26B77500147787 /* Effective ListUITests */ = {
			isa = PBXFileSystemSynchronizedRootGroup;
			path = "Effective ListUITests";
			sourceTree = "<group>";
		};
/* End PBXFileSystemSynchronizedRootGroup section */

/* Begin PBXFrameworksBuildPhase section */
		F333B2CF2E26B77300147787 /* Frameworks */ = {
			isa = PBXFrameworksBuildPhase;
			buildActionMask = 2147483647;
			files = (
				F34C59522E2704D50030F1EF /* SnapKit in Frameworks */,
				F34C59552E2704F80030F1EF /* Reusable in Frameworks */,
			);
			runOnlyForDeploymentPostprocessing = 0;
		};
		F333B2E82E26B77500147787 /* Frameworks */ = {
			isa = PBXFrameworksBuildPhase;
			buildActionMask = 2147483647;
			files = (
			);
			runOnlyForDeploymentPostprocessing = 0;
		};
		F333B2F22E26B77500147787 /* Frameworks */ = {
			isa = PBXFrameworksBuildPhase;
			buildActionMask = 2147483647;
			files = (
			);
			runOnlyForDeploymentPostprocessing = 0;
		};
/* End PBXFrameworksBuildPhase section */

/* Begin PBXGroup section */
		F333B2C92E26B77300147787 = {
			isa = PBXGroup;
			children = (
				F333B2D42E26B77300147787 /* Effective List */,
				F333B2EE2E26B77500147787 /* Effective ListTests */,
				F333B2F82E26B77500147787 /* Effective ListUITests */,
				F333B2D32E26B77300147787 /* Products */,
			);
			sourceTree = "<group>";
		};
		F333B2D32E26B77300147787 /* Products */ = {
			isa = PBXGroup;
			children = (
				F333B2D22E26B77300147787 /* Effective List.app */,
				F333B2EB2E26B77500147787 /* Effective ListTests.xctest */,
				F333B2F52E26B77500147787 /* Effective ListUITests.xctest */,
			);
			name = Products;
			sourceTree = "<group>";
		};
/* End PBXGroup section */

/* Begin PBXNativeTarget section */
		F333B2D12E26B77300147787 /* Effective List */ = {
			isa = PBXNativeTarget;
			buildConfigurationList = F333B2FE2E26B77500147787 /* Build configuration list for PBXNativeTarget "Effective List" */;
			buildPhases = (
				F333B2CE2E26B77300147787 /* Sources */,
				F333B2CF2E26B77300147787 /* Frameworks */,
				F333B2D02E26B77300147787 /* Resources */,
			);
			buildRules = (
			);
			dependencies = (
			);
			fileSystemSynchronizedGroups = (
				F333B2D42E26B77300147787 /* Effective List */,
			);
			name = "Effective List";
			packageProductDependencies = (
				F34C59512E2704D50030F1EF /* SnapKit */,
				F34C59542E2704F80030F1EF /* Reusable */,
			);
			productName = "Effective List";
			productReference = F333B2D22E26B77300147787 /* Effective List.app */;
			productType = "com.apple.product-type.application";
		};
		F333B2EA2E26B77500147787 /* Effective ListTests */ = {
			isa = PBXNativeTarget;
			buildConfigurationList = F333B3032E26B77500147787 /* Build configuration list for PBXNativeTarget "Effective ListTests" */;
			buildPhases = (
				F333B2E72E26B77500147787 /* Sources */,
				F333B2E82E26B77500147787 /* Frameworks */,
				F333B2E92E26B77500147787 /* Resources */,
			);
			buildRules = (
			);
			dependencies = (
				F333B2ED2E26B77500147787 /* PBXTargetDependency */,
			);
			fileSystemSynchronizedGroups = (
				F333B2EE2E26B77500147787 /* Effective ListTests */,
			);
			name = "Effective ListTests";
			packageProductDependencies = (
			);
			productName = "Effective ListTests";
			productReference = F333B2EB2E26B77500147787 /* Effective ListTests.xctest */;
			productType = "com.apple.product-type.bundle.unit-test";
		};
		F333B2F42E26B77500147787 /* Effective ListUITests */ = {
			isa = PBXNativeTarget;
			buildConfigurationList = F333B3062E26B77500147787 /* Build configuration list for PBXNativeTarget "Effective ListUITests" */;
			buildPhases = (
				F333B2F12E26B77500147787 /* Sources */,
				F333B2F22E26B77500147787 /* Frameworks */,
				F333B2F32E26B77500147787 /* Resources */,
			);
			buildRules = (
			);
			dependencies = (
				F333B2F72E26B77500147787 /* PBXTargetDependency */,
			);
			fileSystemSynchronizedGroups = (
				F333B2F82E26B77500147787 /* Effective ListUITests */,
			);
			name = "Effective ListUITests";
			packageProductDependencies = (
			);
			productName = "Effective ListUITests";
			productReference = F333B2F52E26B77500147787 /* Effective ListUITests.xctest */;
			productType = "com.apple.product-type.bundle.ui-testing";
		};
/* End PBXNativeTarget section */

/* Begin PBXProject section */
		F333B2CA2E26B77300147787 /* Project object */ = {
			isa = PBXProject;
			attributes = {
				BuildIndependentTargetsInParallel = 1;
				LastSwiftUpdateCheck = 1640;
				LastUpgradeCheck = 1640;
				TargetAttributes = {
					F333B2D12E26B77300147787 = {
						CreatedOnToolsVersion = 16.4;
					};
					F333B2EA2E26B77500147787 = {
						CreatedOnToolsVersion = 16.4;
						TestTargetID = F333B2D12E26B77300147787;
					};
					F333B2F42E26B77500147787 = {
						CreatedOnToolsVersion = 16.4;
						TestTargetID = F333B2D12E26B77300147787;
					};
				};
			};
			buildConfigurationList = F333B2CD2E26B77300147787 /* Build configuration list for PBXProject "Effective List" */;
			developmentRegion = en;
			hasScannedForEncodings = 0;
			knownRegions = (
				en,
				Base,
			);
			mainGroup = F333B2C92E26B77300147787;
			minimizedProjectReferenceProxies = 1;
			packageReferences = (
				F34C59502E2704D50030F1EF /* XCRemoteSwiftPackageReference "SnapKit" */,
				F34C59532E2704F80030F1EF /* XCRemoteSwiftPackageReference "Reusable" */,
			);
			preferredProjectObjectVersion = 77;
			productRefGroup = F333B2D32E26B77300147787 /* Products */;
			projectDirPath = "";
			projectRoot = "";
			targets = (
				F333B2D12E26B77300147787 /* Effective List */,
				F333B2EA2E26B77500147787 /* Effective ListTests */,
				F333B2F42E26B77500147787 /* Effective ListUITests */,
			);
		};
/* End PBXProject section */

/* Begin PBXResourcesBuildPhase section */
		F333B2D02E26B77300147787 /* Resources */ = {
			isa = PBXResourcesBuildPhase;
			buildActionMask = 2147483647;
			files = (
			);
			runOnlyForDeploymentPostprocessing = 0;
		};
		F333B2E92E26B77500147787 /* Resources */ = {
			isa = PBXResourcesBuildPhase;
			buildActionMask = 2147483647;
			files = (
			);
			runOnlyForDeploymentPostprocessing = 0;
		};
		F333B2F32E26B77500147787 /* Resources */ = {
			isa = PBXResourcesBuildPhase;
			buildActionMask = 2147483647;
			files = (
			);
			runOnlyForDeploymentPostprocessing = 0;
		};
/* End PBXResourcesBuildPhase section */

/* Begin PBXSourcesBuildPhase section */
		F333B2CE2E26B77300147787 /* Sources */ = {
			isa = PBXSourcesBuildPhase;
			buildActionMask = 2147483647;
			files = (
			);
			runOnlyForDeploymentPostprocessing = 0;
		};
		F333B2E72E26B77500147787 /* Sources */ = {
			isa = PBXSourcesBuildPhase;
			buildActionMask = 2147483647;
			files = (
			);
			runOnlyForDeploymentPostprocessing = 0;
		};
		F333B2F12E26B77500147787 /* Sources */ = {
			isa = PBXSourcesBuildPhase;
			buildActionMask = 2147483647;
			files = (
			);
			runOnlyForDeploymentPostprocessing = 0;
		};
/* End PBXSourcesBuildPhase section */

/* Begin PBXTargetDependency section */
		F333B2ED2E26B77500147787 /* PBXTargetDependency */ = {
			isa = PBXTargetDependency;
			target = F333B2D12E26B77300147787 /* Effective List */;
			targetProxy = F333B2EC2E26B77500147787 /* PBXContainerItemProxy */;
		};
		F333B2F72E26B77500147787 /* PBXTargetDependency */ = {
			isa = PBXTargetDependency;
			target = F333B2D12E26B77300147787 /* Effective List */;
			targetProxy = F333B2F62E26B77500147787 /* PBXContainerItemProxy */;
		};
/* End PBXTargetDependency section */

/* Begin XCBuildConfiguration section */
		F333B2FF2E26B77500147787 /* Debug */ = {
			isa = XCBuildConfiguration;
			buildSettings = {
				ASSETCATALOG_COMPILER_APPICON_NAME = AppIcon;
				ASSETCATALOG_COMPILER_GLOBAL_ACCENT_COLOR_NAME = AccentColor;
				CODE_SIGN_STYLE = Automatic;
				CURRENT_PROJECT_VERSION = 1;
				DEVELOPMENT_TEAM = 9D3QPUYX6Q;
				GENERATE_INFOPLIST_FILE = YES;
				INFOPLIST_FILE = "Effective List/Info.plist";
				INFOPLIST_KEY_CFBundleDisplayName = "Effective List";
				INFOPLIST_KEY_LSApplicationCategoryType = "public.app-category.utilities";
				INFOPLIST_KEY_UIApplicationSupportsIndirectInputEvents = YES;
				INFOPLIST_KEY_UILaunchStoryboardName = LaunchScreen;
				INFOPLIST_KEY_UISupportedInterfaceOrientations = UIInterfaceOrientationPortrait;
				INFOPLIST_KEY_UISupportedInterfaceOrientations_iPad = "UIInterfaceOrientationLandscapeLeft UIInterfaceOrientationLandscapeRight UIInterfaceOrientationPortrait UIInterfaceOrientationPortraitUpsideDown";
				IPHONEOS_DEPLOYMENT_TARGET = 15.6;
				LD_RUNPATH_SEARCH_PATHS = (
					"$(inherited)",
					"@executable_path/Frameworks",
				);
				MARKETING_VERSION = 1.0;
				PRODUCT_BUNDLE_IDENTIFIER = "com.effective.mobile.Effective-List";
				PRODUCT_NAME = "$(TARGET_NAME)";
				SUPPORTED_PLATFORMS = "iphoneos iphonesimulator";
				SUPPORTS_MACCATALYST = NO;
				SUPPORTS_MAC_DESIGNED_FOR_IPHONE_IPAD = NO;
				SUPPORTS_XR_DESIGNED_FOR_IPHONE_IPAD = NO;
				SWIFT_EMIT_LOC_STRINGS = YES;
				SWIFT_VERSION = 5.0;
				TARGETED_DEVICE_FAMILY = 1;
			};
			name = Debug;
		};
		F333B3002E26B77500147787 /* Release */ = {
			isa = XCBuildConfiguration;
			buildSettings = {
				ASSETCATALOG_COMPILER_APPICON_NAME = AppIcon;
				ASSETCATALOG_COMPILER_GLOBAL_ACCENT_COLOR_NAME = AccentColor;
				CODE_SIGN_STYLE = Automatic;
				CURRENT_PROJECT_VERSION = 1;
				DEVELOPMENT_TEAM = 9D3QPUYX6Q;
				GENERATE_INFOPLIST_FILE = YES;
				INFOPLIST_FILE = "Effective List/Info.plist";
				INFOPLIST_KEY_CFBundleDisplayName = "Effective List";
				INFOPLIST_KEY_LSApplicationCategoryType = "public.app-category.utilities";
				INFOPLIST_KEY_UIApplicationSupportsIndirectInputEvents = YES;
				INFOPLIST_KEY_UILaunchStoryboardName = LaunchScreen;
				INFOPLIST_KEY_UISupportedInterfaceOrientations = UIInterfaceOrientationPortrait;
				INFOPLIST_KEY_UISupportedInterfaceOrientations_iPad = "UIInterfaceOrientationLandscapeLeft UIInterfaceOrientationLandscapeRight UIInterfaceOrientationPortrait UIInterfaceOrientationPortraitUpsideDown";
				IPHONEOS_DEPLOYMENT_TARGET = 15.6;
				LD_RUNPATH_SEARCH_PATHS = (
					"$(inherited)",
					"@executable_path/Frameworks",
				);
				MARKETING_VERSION = 1.0;
				PRODUCT_BUNDLE_IDENTIFIER = "com.effective.mobile.Effective-List";
				PRODUCT_NAME = "$(TARGET_NAME)";
				SUPPORTED_PLATFORMS = "iphoneos iphonesimulator";
				SUPPORTS_MACCATALYST = NO;
				SUPPORTS_MAC_DESIGNED_FOR_IPHONE_IPAD = NO;
				SUPPORTS_XR_DESIGNED_FOR_IPHONE_IPAD = NO;
				SWIFT_EMIT_LOC_STRINGS = YES;
				SWIFT_VERSION = 5.0;
				TARGETED_DEVICE_FAMILY = 1;
			};
			name = Release;
		};
		F333B3012E26B77500147787 /* Debug */ = {
			isa = XCBuildConfiguration;
			buildSettings = {
				ALWAYS_SEARCH_USER_PATHS = NO;
				ASSETCATALOG_COMPILER_GENERATE_SWIFT_ASSET_SYMBOL_EXTENSIONS = YES;
				CLANG_ANALYZER_NONNULL = YES;
				CLANG_ANALYZER_NUMBER_OBJECT_CONVERSION = YES_AGGRESSIVE;
				CLANG_CXX_LANGUAGE_STANDARD = "gnu++20";
				CLANG_ENABLE_MODULES = YES;
				CLANG_ENABLE_OBJC_ARC = YES;
				CLANG_ENABLE_OBJC_WEAK = YES;
				CLANG_WARN_BLOCK_CAPTURE_AUTORELEASING = YES;
				CLANG_WARN_BOOL_CONVERSION = YES;
				CLANG_WARN_COMMA = YES;
				CLANG_WARN_CONSTANT_CONVERSION = YES;
				CLANG_WARN_DEPRECATED_OBJC_IMPLEMENTATIONS = YES;
				CLANG_WARN_DIRECT_OBJC_ISA_USAGE = YES_ERROR;
				CLANG_WARN_DOCUMENTATION_COMMENTS = YES;
				CLANG_WARN_EMPTY_BODY = YES;
				CLANG_WARN_ENUM_CONVERSION = YES;
				CLANG_WARN_INFINITE_RECURSION = YES;
				CLANG_WARN_INT_CONVERSION = YES;
				CLANG_WARN_NON_LITERAL_NULL_CONVERSION = YES;
				CLANG_WARN_OBJC_IMPLICIT_RETAIN_SELF = YES;
				CLANG_WARN_OBJC_LITERAL_CONVERSION = YES;
				CLANG_WARN_OBJC_ROOT_CLASS = YES_ERROR;
				CLANG_WARN_QUOTED_INCLUDE_IN_FRAMEWORK_HEADER = YES;
				CLANG_WARN_RANGE_LOOP_ANALYSIS = YES;
				CLANG_WARN_STRICT_PROTOTYPES = YES;
				CLANG_WARN_SUSPICIOUS_MOVE = YES;
				CLANG_WARN_UNGUARDED_AVAILABILITY = YES_AGGRESSIVE;
				CLANG_WARN_UNREACHABLE_CODE = YES;
				CLANG_WARN__DUPLICATE_METHOD_MATCH = YES;
				COPY_PHASE_STRIP = NO;
				DEBUG_INFORMATION_FORMAT = dwarf;
				DEVELOPMENT_TEAM = 9D3QPUYX6Q;
				ENABLE_STRICT_OBJC_MSGSEND = YES;
				ENABLE_TESTABILITY = YES;
				ENABLE_USER_SCRIPT_SANDBOXING = YES;
				GCC_C_LANGUAGE_STANDARD = gnu17;
				GCC_DYNAMIC_NO_PIC = NO;
				GCC_NO_COMMON_BLOCKS = YES;
				GCC_OPTIMIZATION_LEVEL = 0;
				GCC_PREPROCESSOR_DEFINITIONS = (
					"DEBUG=1",
					"$(inherited)",
				);
				GCC_WARN_64_TO_32_BIT_CONVERSION = YES;
				GCC_WARN_ABOUT_RETURN_TYPE = YES_ERROR;
				GCC_WARN_UNDECLARED_SELECTOR = YES;
				GCC_WARN_UNINITIALIZED_AUTOS = YES_AGGRESSIVE;
				GCC_WARN_UNUSED_FUNCTION = YES;
				GCC_WARN_UNUSED_VARIABLE = YES;
				IPHONEOS_DEPLOYMENT_TARGET = 18.5;
				LOCALIZATION_PREFERS_STRING_CATALOGS = YES;
				MTL_ENABLE_DEBUG_INFO = INCLUDE_SOURCE;
				MTL_FAST_MATH = YES;
				ONLY_ACTIVE_ARCH = YES;
				SDKROOT = iphoneos;
				SWIFT_ACTIVE_COMPILATION_CONDITIONS = "DEBUG $(inherited)";
				SWIFT_OPTIMIZATION_LEVEL = "-Onone";
			};
			name = Debug;
		};
		F333B3022E26B77500147787 /* Release */ = {
			isa = XCBuildConfiguration;
			buildSettings = {
				ALWAYS_SEARCH_USER_PATHS = NO;
				ASSETCATALOG_COMPILER_GENERATE_SWIFT_ASSET_SYMBOL_EXTENSIONS = YES;
				CLANG_ANALYZER_NONNULL = YES;
				CLANG_ANALYZER_NUMBER_OBJECT_CONVERSION = YES_AGGRESSIVE;
				CLANG_CXX_LANGUAGE_STANDARD = "gnu++20";
				CLANG_ENABLE_MODULES = YES;
				CLANG_ENABLE_OBJC_ARC = YES;
				CLANG_ENABLE_OBJC_WEAK = YES;
				CLANG_WARN_BLOCK_CAPTURE_AUTORELEASING = YES;
				CLANG_WARN_BOOL_CONVERSION = YES;
				CLANG_WARN_COMMA = YES;
				CLANG_WARN_CONSTANT_CONVERSION = YES;
				CLANG_WARN_DEPRECATED_OBJC_IMPLEMENTATIONS = YES;
				CLANG_WARN_DIRECT_OBJC_ISA_USAGE = YES_ERROR;
				CLANG_WARN_DOCUMENTATION_COMMENTS = YES;
				CLANG_WARN_EMPTY_BODY = YES;
				CLANG_WARN_ENUM_CONVERSION = YES;
				CLANG_WARN_INFINITE_RECURSION = YES;
				CLANG_WARN_INT_CONVERSION = YES;
				CLANG_WARN_NON_LITERAL_NULL_CONVERSION = YES;
				CLANG_WARN_OBJC_IMPLICIT_RETAIN_SELF = YES;
				CLANG_WARN_OBJC_LITERAL_CONVERSION = YES;
				CLANG_WARN_OBJC_ROOT_CLASS = YES_ERROR;
				CLANG_WARN_QUOTED_INCLUDE_IN_FRAMEWORK_HEADER = YES;
				CLANG_WARN_RANGE_LOOP_ANALYSIS = YES;
				CLANG_WARN_STRICT_PROTOTYPES = YES;
				CLANG_WARN_SUSPICIOUS_MOVE = YES;
				CLANG_WARN_UNGUARDED_AVAILABILITY = YES_AGGRESSIVE;
				CLANG_WARN_UNREACHABLE_CODE = YES;
				CLANG_WARN__DUPLICATE_METHOD_MATCH = YES;
				COPY_PHASE_STRIP = NO;
				DEBUG_INFORMATION_FORMAT = "dwarf-with-dsym";
				DEVELOPMENT_TEAM = 9D3QPUYX6Q;
				ENABLE_NS_ASSERTIONS = NO;
				ENABLE_STRICT_OBJC_MSGSEND = YES;
				ENABLE_USER_SCRIPT_SANDBOXING = YES;
				GCC_C_LANGUAGE_STANDARD = gnu17;
				GCC_NO_COMMON_BLOCKS = YES;
				GCC_WARN_64_TO_32_BIT_CONVERSION = YES;
				GCC_WARN_ABOUT_RETURN_TYPE = YES_ERROR;
				GCC_WARN_UNDECLARED_SELECTOR = YES;
				GCC_WARN_UNINITIALIZED_AUTOS = YES_AGGRESSIVE;
				GCC_WARN_UNUSED_FUNCTION = YES;
				GCC_WARN_UNUSED_VARIABLE = YES;
				IPHONEOS_DEPLOYMENT_TARGET = 18.5;
				LOCALIZATION_PREFERS_STRING_CATALOGS = YES;
				MTL_ENABLE_DEBUG_INFO = NO;
				MTL_FAST_MATH = YES;
				SDKROOT = iphoneos;
				SWIFT_COMPILATION_MODE = wholemodule;
				VALIDATE_PRODUCT = YES;
			};
			name = Release;
		};
		F333B3042E26B77500147787 /* Debug */ = {
			isa = XCBuildConfiguration;
			buildSettings = {
				BUNDLE_LOADER = "$(TEST_HOST)";
				CODE_SIGN_STYLE = Automatic;
				CURRENT_PROJECT_VERSION = 1;
				DEVELOPMENT_TEAM = 9D3QPUYX6Q;
				GENERATE_INFOPLIST_FILE = YES;
				IPHONEOS_DEPLOYMENT_TARGET = 18.5;
				MARKETING_VERSION = 1.0;
				PRODUCT_BUNDLE_IDENTIFIER = "com.effective.mobile.todo.list.Effective-ListTests";
				PRODUCT_NAME = "$(TARGET_NAME)";
				SWIFT_EMIT_LOC_STRINGS = NO;
				SWIFT_VERSION = 5.0;
				TARGETED_DEVICE_FAMILY = "1,2";
				TEST_HOST = "$(BUILT_PRODUCTS_DIR)/Effective List.app/$(BUNDLE_EXECUTABLE_FOLDER_PATH)/Effective List";
			};
			name = Debug;
		};
		F333B3052E26B77500147787 /* Release */ = {
			isa = XCBuildConfiguration;
			buildSettings = {
				BUNDLE_LOADER = "$(TEST_HOST)";
				CODE_SIGN_STYLE = Automatic;
				CURRENT_PROJECT_VERSION = 1;
				DEVELOPMENT_TEAM = 9D3QPUYX6Q;
				GENERATE_INFOPLIST_FILE = YES;
				IPHONEOS_DEPLOYMENT_TARGET = 18.5;
				MARKETING_VERSION = 1.0;
				PRODUCT_BUNDLE_IDENTIFIER = "com.effective.mobile.todo.list.Effective-ListTests";
				PRODUCT_NAME = "$(TARGET_NAME)";
				SWIFT_EMIT_LOC_STRINGS = NO;
				SWIFT_VERSION = 5.0;
				TARGETED_DEVICE_FAMILY = "1,2";
				TEST_HOST = "$(BUILT_PRODUCTS_DIR)/Effective List.app/$(BUNDLE_EXECUTABLE_FOLDER_PATH)/Effective List";
			};
			name = Release;
		};
		F333B3072E26B77500147787 /* Debug */ = {
			isa = XCBuildConfiguration;
			buildSettings = {
				CODE_SIGN_STYLE = Automatic;
				CURRENT_PROJECT_VERSION = 1;
				DEVELOPMENT_TEAM = 9D3QPUYX6Q;
				GENERATE_INFOPLIST_FILE = YES;
				MARKETING_VERSION = 1.0;
				PRODUCT_BUNDLE_IDENTIFIER = "com.effective.mobile.todo.list.Effective-ListUITests";
				PRODUCT_NAME = "$(TARGET_NAME)";
				SWIFT_EMIT_LOC_STRINGS = NO;
				SWIFT_VERSION = 5.0;
				TARGETED_DEVICE_FAMILY = "1,2";
				TEST_TARGET_NAME = "Effective List";
			};
			name = Debug;
		};
		F333B3082E26B77500147787 /* Release */ = {
			isa = XCBuildConfiguration;
			buildSettings = {
				CODE_SIGN_STYLE = Automatic;
				CURRENT_PROJECT_VERSION = 1;
				DEVELOPMENT_TEAM = 9D3QPUYX6Q;
				GENERATE_INFOPLIST_FILE = YES;
				MARKETING_VERSION = 1.0;
				PRODUCT_BUNDLE_IDENTIFIER = "com.effective.mobile.todo.list.Effective-ListUITests";
				PRODUCT_NAME = "$(TARGET_NAME)";
				SWIFT_EMIT_LOC_STRINGS = NO;
				SWIFT_VERSION = 5.0;
				TARGETED_DEVICE_FAMILY = "1,2";
				TEST_TARGET_NAME = "Effective List";
			};
			name = Release;
		};
/* End XCBuildConfiguration section */

/* Begin XCConfigurationList section */
		F333B2CD2E26B77300147787 /* Build configuration list for PBXProject "Effective List" */ = {
			isa = XCConfigurationList;
			buildConfigurations = (
				F333B3012E26B77500147787 /* Debug */,
				F333B3022E26B77500147787 /* Release */,
			);
			defaultConfigurationIsVisible = 0;
			defaultConfigurationName = Release;
		};
		F333B2FE2E26B77500147787 /* Build configuration list for PBXNativeTarget "Effective List" */ = {
			isa = XCConfigurationList;
			buildConfigurations = (
				F333B2FF2E26B77500147787 /* Debug */,
				F333B3002E26B77500147787 /* Release */,
			);
			defaultConfigurationIsVisible = 0;
			defaultConfigurationName = Release;
		};
		F333B3032E26B77500147787 /* Build configuration list for PBXNativeTarget "Effective ListTests" */ = {
			isa = XCConfigurationList;
			buildConfigurations = (
				F333B3042E26B77500147787 /* Debug */,
				F333B3052E26B77500147787 /* Release */,
			);
			defaultConfigurationIsVisible = 0;
			defaultConfigurationName = Release;
		};
		F333B3062E26B77500147787 /* Build configuration list for PBXNativeTarget "Effective ListUITests" */ = {
			isa = XCConfigurationList;
			buildConfigurations = (
				F333B3072E26B77500147787 /* Debug */,
				F333B3082E26B77500147787 /* Release */,
			);
			defaultConfigurationIsVisible = 0;
			defaultConfigurationName = Release;
		};
/* End XCConfigurationList section */

/* Begin XCRemoteSwiftPackageReference section */
		F34C59502E2704D50030F1EF /* XCRemoteSwiftPackageReference "SnapKit" */ = {
			isa = XCRemoteSwiftPackageReference;
			repositoryURL = "https://github.com/SnapKit/SnapKit.git";
			requirement = {
				kind = upToNextMajorVersion;
				minimumVersion = 5.7.1;
			};
		};
		F34C59532E2704F80030F1EF /* XCRemoteSwiftPackageReference "Reusable" */ = {
			isa = XCRemoteSwiftPackageReference;
			repositoryURL = "https://github.com/AliSoftware/Reusable.git";
			requirement = {
				kind = upToNextMajorVersion;
				minimumVersion = 4.1.2;
			};
		};
/* End XCRemoteSwiftPackageReference section */

/* Begin XCSwiftPackageProductDependency section */
		F34C59512E2704D50030F1EF /* SnapKit */ = {
			isa = XCSwiftPackageProductDependency;
			package = F34C59502E2704D50030F1EF /* XCRemoteSwiftPackageReference "SnapKit" */;
			productName = SnapKit;
		};
		F34C59542E2704F80030F1EF /* Reusable */ = {
			isa = XCSwiftPackageProductDependency;
			package = F34C59532E2704F80030F1EF /* XCRemoteSwiftPackageReference "Reusable" */;
			productName = Reusable;
		};
/* End XCSwiftPackageProductDependency section */
	};
	rootObject = F333B2CA2E26B77300147787 /* Project object */;
}
